
Microsoft Visual Studio Solution File, Format Version 12.00
# Visual Studio 15
VisualStudioVersion = 15.0.28010.2041
MinimumVisualStudioVersion = 10.0.40219.1
Project("{9A19103F-16F7-4668-BE54-9A1E7A4F7556}") = "TwitchChatDownloader", "TwitchChatDownloader\TwitchChatDownloader.csproj", "{60E3952D-B2B8-4EF0-906C-598660E7E2EE}"
EndProject
Project("{9A19103F-16F7-4668-BE54-9A1E7A4F7556}") = "TwitchChatDownloader.IntegrationTests", "TwitchChatDownloader.IntegrationTests\TwitchChatDownloader.IntegrationTests.csproj", "{53DC169B-252F-41AF-BA7C-5CBC8474729D}"
EndProject
Project("{9A19103F-16F7-4668-BE54-9A1E7A4F7556}") = "TwitchChatDownloader.UnitTests", "TwitchChatDownloader.UnitTests\TwitchChatDownloader.UnitTests.csproj", "{AB76BFF1-3113-4C5A-9346-001FE7D6BC4B}"
EndProject
Global
	GlobalSection(SolutionConfigurationPlatforms) = preSolution
		Debug|Any CPU = Debug|Any CPU
		Release|Any CPU = Release|Any CPU
	EndGlobalSection
	GlobalSection(ProjectConfigurationPlatforms) = postSolution
		{60E3952D-B2B8-4EF0-906C-598660E7E2EE}.Debug|Any CPU.ActiveCfg = Debug|Any CPU
		{60E3952D-B2B8-4EF0-906C-598660E7E2EE}.Debug|Any CPU.Build.0 = Debug|Any CPU
		{60E3952D-B2B8-4EF0-906C-598660E7E2EE}.Release|Any CPU.ActiveCfg = Release|Any CPU
		{60E3952D-B2B8-4EF0-906C-598660E7E2EE}.Release|Any CPU.Build.0 = Release|Any CPU
		{53DC169B-252F-41AF-BA7C-5CBC8474729D}.Debug|Any CPU.ActiveCfg = Debug|Any CPU
		{53DC169B-252F-41AF-BA7C-5CBC8474729D}.Debug|Any CPU.Build.0 = Debug|Any CPU
		{53DC169B-252F-41AF-BA7C-5CBC8474729D}.Release|Any CPU.ActiveCfg = Release|Any CPU
		{53DC169B-252F-41AF-BA7C-5CBC8474729D}.Release|Any CPU.Build.0 = Release|Any CPU
		{AB76BFF1-3113-4C5A-9346-001FE7D6BC4B}.Debug|Any CPU.ActiveCfg = Debug|Any CPU
		{AB76BFF1-3113-4C5A-9346-001FE7D6BC4B}.Debug|Any CPU.Build.0 = Debug|Any CPU
		{AB76BFF1-3113-4C5A-9346-001FE7D6BC4B}.Release|Any CPU.ActiveCfg = Release|Any CPU
		{AB76BFF1-3113-4C5A-9346-001FE7D6BC4B}.Release|Any CPU.Build.0 = Release|Any CPU
	EndGlobalSection
	GlobalSection(SolutionProperties) = preSolution
		HideSolutionNode = FALSE
	EndGlobalSection
	GlobalSection(ExtensibilityGlobals) = postSolution
		SolutionGuid = {1B99204F-03A3-4055-AA91-D36C3FC73C68}
	EndGlobalSection
EndGlobal
